<?xml version="1.0" encoding="utf-8"?>
<Project ToolsVersion="4.0" xmlns="http://schemas.microsoft.com/developer/msbuild/2003">
  <ItemGroup>
    <ClCompile Include="cliapp\main_cli.cpp" />
    <ClCompile Include="src\psdisc-filesystem-ecma-119.cpp" />
    <ClCompile Include="src\psdisc-cdvd-image.cpp" />
    <ClCompile Include="src/filesystem.msw.cpp" />
    <ClCompile Include="src/fs.cpp" />
    <ClCompile Include="src/logger_local_buffer.cpp" />
    <ClCompile Include="src/msw-printf-stdout.cpp" />
    <ClCompile Include="src/msw_app_console_init.cpp" />
    <ClCompile Include="src/posix_file.cpp" />
    <ClCompile Include="src/sce/filesystem.ps4.cpp" />
    <ClCompile Include="src/StringUtil.cpp" />
  </ItemGroup>
  <ItemGroup>
    <ClInclude Include="icy-app-glue\fi-icyglue-BuildConfig.h">
      <Filter>inc</Filter>
    </ClInclude>
    <ClInclude Include="icy-app-glue\icy_assert.h">
      <Filter>inc</Filter>
    </ClInclude>
    <ClInclude Include="icy-app-glue\icy_log.h">
      <Filter>inc</Filter>
    </ClInclude>
    <ClInclude Include="inc\psdisc-filesystem.h" />
    <ClInclude Include="inc\psdisc-cdvd-image.h" />
    <ClInclude Include="inc\psdisc-endian.h" />
    <ClInclude Include="inc\psdisc-hostio.h" />
    <ClInclude Include="inc\psdisc-types.h" />
  </ItemGroup>
  <ItemGroup>
    <Filter Include="inc">
      <UniqueIdentifier>{f9123917-c862-40cd-a716-fdf4e016fa5b}</UniqueIdentifier>
    </Filter>
  </ItemGroup>
</Project>